
Microsoft Visual Studio Solution File, Format Version 12.00
# Visual Studio Version 16
VisualStudioVersion = 16.0.31402.337
MinimumVisualStudioVersion = 10.0.40219.1
Project("{9A19103F-16F7-4668-BE54-9A1E7A4F7556}") = "Death to Blend1", "Source\Death to Blend1.csproj", "{FADBE434-267A-4133-B277-001E1D874971}"
EndProject
Global
	GlobalSection(SolutionConfigurationPlatforms) = preSolution
		Debug|Any CPU = Debug|Any CPU
		Release|Any CPU = Release|Any CPU
	EndGlobalSection
	GlobalSection(ProjectConfigurationPlatforms) = postSolution
		{FADBE434-267A-4133-B277-001E1D874971}.Debug|Any CPU.ActiveCfg = Debug|Any CPU
		{FADBE434-267A-4133-B277-001E1D874971}.Release|Any CPU.ActiveCfg = Release|Any CPU
		{FADBE434-267A-4133-B277-001E1D874971}.Release|Any CPU.Build.0 = Release|Any CPU
	EndGlobalSection
	GlobalSection(SolutionProperties) = preSolution
		HideSolutionNode = FALSE
	EndGlobalSection
	GlobalSection(ExtensibilityGlobals) = postSolution
		SolutionGuid = {96950DA5-47B8-43A8-81AF-0F2D6C083B55}
	EndGlobalSection
EndGlobal
